
Microsoft Visual Studio Solution File, Format Version 12.00
# Visual Studio Version 17
VisualStudioVersion = 17.1.32210.238
MinimumVisualStudioVersion = 10.0.40219.1
Project("{FAE04EC0-301F-11D3-BF4B-00C04F79EFBC}") = "Flight_Reservation", "Flight_Reservation\Flight_Reservation.csproj", "{98FDDFE2-5929-4D95-B0EB-D381818882D4}"
EndProject
Global
	GlobalSection(SolutionConfigurationPlatforms) = preSolution
		Debug|Any CPU = Debug|Any CPU
		Release|Any CPU = Release|Any CPU
	EndGlobalSection
	GlobalSection(ProjectConfigurationPlatforms) = postSolution
		{98FDDFE2-5929-4D95-B0EB-D381818882D4}.Debug|Any CPU.ActiveCfg = Debug|Any CPU
		{98FDDFE2-5929-4D95-B0EB-D381818882D4}.Debug|Any CPU.Build.0 = Debug|Any CPU
		{98FDDFE2-5929-4D95-B0EB-D381818882D4}.Release|Any CPU.ActiveCfg = Release|Any CPU
		{98FDDFE2-5929-4D95-B0EB-D381818882D4}.Release|Any CPU.Build.0 = Release|Any CPU
	EndGlobalSection
	GlobalSection(SolutionProperties) = preSolution
		HideSolutionNode = FALSE
	EndGlobalSection
	GlobalSection(ExtensibilityGlobals) = postSolution
		SolutionGuid = {1BC9C1E5-0B68-457C-8910-BD87E51D05E0}
	EndGlobalSection
EndGlobal
